{
  "version": 4,
  "terraform_version": "1.1.7",
  "serial": 133,
  "lineage": "b844a254-c29c-d24b-08b0-0646aca7dafb",
  "outputs": {
    "api_url": {
      "value": "arn:aws:execute-api:ap-southeast-1:983670951732:ta5vc2vjzc",
      "type": "string"
    },
    "dynamodb_name": {
      "value": "tf_sam_todo_table(arn:aws:dynamodb:ap-southeast-1:983670951732:table/tf_sam_todo_table)",
      "type": "string"
    },
    "lambda_api_todo_name": {
      "value": "arn:aws:lambda:ap-southeast-1:983670951732:function:dev-todo-tf-sam-lambda-todo-handler",
      "type": "string"
    },
    "lambda_persist_todo_name": {
      "value": "arn:aws:lambda:ap-southeast-1:983670951732:function:dev-todo-tf-sam-lambda-todo-persist",
      "type": "string"
    },
    "sqs_name": {
      "value": "rf_sam_todo_queue(arn:aws:sqs:ap-southeast-1:983670951732:rf_sam_todo_queue)",
      "type": "string"
    }
  },
  "resources": [
    {
      "mode": "managed",
      "type": "aws_dynamodb_table",
      "name": "_",
      "provider": "provider[\"registry.terraform.io/hashicorp/aws\"]",
      "instances": [
        {
          "schema_version": 1,
          "attributes": {
            "arn": "arn:aws:dynamodb:ap-southeast-1:983670951732:table/tf_sam_todo_table",
            "attribute": [
              {
                "name": "id",
                "type": "S"
              }
            ],
            "billing_mode": "PROVISIONED",
            "global_secondary_index": [],
            "hash_key": "id",
            "id": "tf_sam_todo_table",
            "local_secondary_index": [],
            "name": "tf_sam_todo_table",
            "point_in_time_recovery": [
              {
                "enabled": false
              }
            ],
            "range_key": null,
            "read_capacity": 1,
            "replica": [],
            "restore_date_time": null,
            "restore_source_name": null,
            "restore_to_latest_time": null,
            "server_side_encryption": [],
            "stream_arn": "",
            "stream_enabled": false,
            "stream_label": "",
            "stream_view_type": "",
            "table_class": "",
            "tags": {},
            "tags_all": {},
            "timeouts": null,
            "ttl": [
              {
                "attribute_name": "",
                "enabled": false
              }
            ],
            "write_capacity": 1
          },
          "sensitive_attributes": [],
          "private": "eyJlMmJmYjczMC1lY2FhLTExZTYtOGY4OC0zNDM2M2JjN2M0YzAiOnsiY3JlYXRlIjoxODAwMDAwMDAwMDAwLCJkZWxldGUiOjYwMDAwMDAwMDAwMCwidXBkYXRlIjozNjAwMDAwMDAwMDAwfSwic2NoZW1hX3ZlcnNpb24iOiIxIn0="
        }
      ]
    },
    {
      "mode": "managed",
      "type": "aws_sqs_queue",
      "name": "_",
      "provider": "provider[\"registry.terraform.io/hashicorp/aws\"]",
      "instances": [
        {
          "schema_version": 0,
          "attributes": {
            "arn": "arn:aws:sqs:ap-southeast-1:983670951732:rf_sam_todo_queue",
            "content_based_deduplication": false,
            "deduplication_scope": "",
            "delay_seconds": 90,
            "fifo_queue": false,
            "fifo_throughput_limit": "",
            "id": "https://sqs.ap-southeast-1.amazonaws.com/983670951732/rf_sam_todo_queue",
            "kms_data_key_reuse_period_seconds": 300,
            "kms_master_key_id": "",
            "max_message_size": 2048,
            "message_retention_seconds": 86400,
            "name": "rf_sam_todo_queue",
            "name_prefix": "",
            "policy": "",
            "receive_wait_time_seconds": 10,
            "redrive_allow_policy": "",
            "redrive_policy": "",
            "sqs_managed_sse_enabled": false,
            "tags": {
              "Environment": "production"
            },
            "tags_all": {
              "Environment": "production"
            },
            "url": "https://sqs.ap-southeast-1.amazonaws.com/983670951732/rf_sam_todo_queue",
            "visibility_timeout_seconds": 30
          },
          "sensitive_attributes": [],
          "private": "bnVsbA=="
        }
      ]
    },
    {
      "module": "module.aws_tf_cicd_pipeline",
      "mode": "managed",
      "type": "aws_codebuild_project",
      "name": "sam_test",
      "provider": "provider[\"registry.terraform.io/hashicorp/aws\"]",
      "instances": [
        {
          "schema_version": 0,
          "attributes": {
            "arn": "arn:aws:codebuild:ap-southeast-1:983670951732:project/todo_cicd_test",
            "artifacts": [
              {
                "artifact_identifier": "",
                "bucket_owner_access": "",
                "encryption_disabled": false,
                "location": "",
                "name": "todo_cicd_test",
                "namespace_type": "",
                "override_artifact_name": false,
                "packaging": "NONE",
                "path": "",
                "type": "CODEPIPELINE"
              }
            ],
            "badge_enabled": false,
            "badge_url": "",
            "build_batch_config": [],
            "build_timeout": 60,
            "cache": [
              {
                "location": "",
                "modes": [],
                "type": "NO_CACHE"
              }
            ],
            "concurrent_build_limit": 0,
            "description": "Plan state for terraform",
            "encryption_key": "arn:aws:kms:ap-southeast-1:983670951732:alias/aws/s3",
            "environment": [
              {
                "certificate": "",
                "compute_type": "BUILD_GENERAL1_SMALL",
                "environment_variable": [],
                "image": "aws/codebuild/amazonlinux2-x86_64-standard:3.0",
                "image_pull_credentials_type": "CODEBUILD",
                "privileged_mode": false,
                "registry_credential": [],
                "type": "LINUX_CONTAINER"
              }
            ],
            "file_system_locations": [],
            "id": "arn:aws:codebuild:ap-southeast-1:983670951732:project/todo_cicd_test",
            "logs_config": [
              {
                "cloudwatch_logs": [
                  {
                    "group_name": "",
                    "status": "ENABLED",
                    "stream_name": ""
                  }
                ],
                "s3_logs": [
                  {
                    "bucket_owner_access": "",
                    "encryption_disabled": false,
                    "location": "",
                    "status": "DISABLED"
                  }
                ]
              }
            ],
            "name": "todo_cicd_test",
            "project_visibility": "PRIVATE",
            "public_project_alias": "",
            "queued_timeout": 480,
            "resource_access_role": "",
            "secondary_artifacts": [],
            "secondary_source_version": [],
            "secondary_sources": [],
            "service_role": "arn:aws:iam::983670951732:role/dev-todo-tf-cicd-todo-codebuild-role",
            "source": [
              {
                "auth": [],
                "build_status_config": [],
                "buildspec": "version: 0.2\r\n\r\nphases:\r\n  install:\r\n    runtime-versions:\r\n      python: 3.7\r\n    commands:\r\n      - cd ./lambda/src\r\n      - pip3 install -r ./tests/requirements.txt\r\n  build:\r\n    commands:\r\n      - python -m pytest\r\n      # - python -m pytest --junitxml=\u003ctest report directory\u003e/\u003creport filename\u003e\r\n\r\n# reports:\r\n#   pytest_reports:\r\n#     files:\r\n#       - \u003creport filename\u003e\r\n#     base-directory: \u003ctest report directory\u003e\r\n#     file-format: JUNITXML",
                "git_clone_depth": 0,
                "git_submodules_config": [],
                "insecure_ssl": false,
                "location": "",
                "report_build_status": false,
                "type": "CODEPIPELINE"
              }
            ],
            "source_version": "",
            "tags": {},
            "tags_all": {},
            "vpc_config": []
          },
          "sensitive_attributes": [],
          "private": "bnVsbA==",
          "dependencies": [
            "module.aws_tf_cicd_pipeline.module.aws_iam_codebuild.aws_iam_role._"
          ]
        }
      ]
    },
    {
      "module": "module.aws_tf_cicd_pipeline",
      "mode": "managed",
      "type": "aws_codebuild_project",
      "name": "tf_apply",
      "provider": "provider[\"registry.terraform.io/hashicorp/aws\"]",
      "instances": [
        {
          "schema_version": 0,
          "attributes": {
            "arn": "arn:aws:codebuild:ap-southeast-1:983670951732:project/todo_cicd_apply",
            "artifacts": [
              {
                "artifact_identifier": "",
                "bucket_owner_access": "",
                "encryption_disabled": false,
                "location": "",
                "name": "todo_cicd_apply",
                "namespace_type": "",
                "override_artifact_name": false,
                "packaging": "NONE",
                "path": "",
                "type": "CODEPIPELINE"
              }
            ],
            "badge_enabled": false,
            "badge_url": "",
            "build_batch_config": [],
            "build_timeout": 60,
            "cache": [
              {
                "location": "",
                "modes": [],
                "type": "NO_CACHE"
              }
            ],
            "concurrent_build_limit": 0,
            "description": "Apply state for terraform",
            "encryption_key": "arn:aws:kms:ap-southeast-1:983670951732:alias/aws/s3",
            "environment": [
              {
                "certificate": "",
                "compute_type": "BUILD_GENERAL1_SMALL",
                "environment_variable": [],
                "image": "hashicorp/terraform:latest",
                "image_pull_credentials_type": "SERVICE_ROLE",
                "privileged_mode": false,
                "registry_credential": [],
                "type": "LINUX_CONTAINER"
              }
            ],
            "file_system_locations": [],
            "id": "arn:aws:codebuild:ap-southeast-1:983670951732:project/todo_cicd_apply",
            "logs_config": [
              {
                "cloudwatch_logs": [
                  {
                    "group_name": "",
                    "status": "ENABLED",
                    "stream_name": ""
                  }
                ],
                "s3_logs": [
                  {
                    "bucket_owner_access": "",
                    "encryption_disabled": false,
                    "location": "",
                    "status": "DISABLED"
                  }
                ]
              }
            ],
            "name": "todo_cicd_apply",
            "project_visibility": "PRIVATE",
            "public_project_alias": "",
            "queued_timeout": 480,
            "resource_access_role": "",
            "secondary_artifacts": [],
            "secondary_source_version": [],
            "secondary_sources": [],
            "service_role": "arn:aws:iam::983670951732:role/dev-todo-tf-cicd-todo-codebuild-role",
            "source": [
              {
                "auth": [],
                "build_status_config": [],
                "buildspec": "version: 0.2\r\nphases:\r\n  pre_build:\r\n    commands:\r\n      - terraform init\r\n      - terraform validate\r\n  \r\n  build:\r\n    commands:\r\n      - terraform apply --auto-approve",
                "git_clone_depth": 0,
                "git_submodules_config": [],
                "insecure_ssl": false,
                "location": "",
                "report_build_status": false,
                "type": "CODEPIPELINE"
              }
            ],
            "source_version": "",
            "tags": {},
            "tags_all": {},
            "vpc_config": []
          },
          "sensitive_attributes": [],
          "private": "bnVsbA==",
          "dependencies": [
            "module.aws_tf_cicd_pipeline.module.aws_iam_codebuild.aws_iam_role._",
            "module.aws_tf_cicd_pipeline.module.aws_iam_codebuild.data.template_file.assumerole"
          ]
        }
      ]
    },
    {
      "module": "module.aws_tf_cicd_pipeline",
      "mode": "managed",
      "type": "aws_codebuild_project",
      "name": "tf_plan",
      "provider": "provider[\"registry.terraform.io/hashicorp/aws\"]",
      "instances": [
        {
          "schema_version": 0,
          "attributes": {
            "arn": "arn:aws:codebuild:ap-southeast-1:983670951732:project/todo_cicd_plan",
            "artifacts": [
              {
                "artifact_identifier": "",
                "bucket_owner_access": "",
                "encryption_disabled": false,
                "location": "",
                "name": "todo_cicd_plan",
                "namespace_type": "",
                "override_artifact_name": false,
                "packaging": "NONE",
                "path": "",
                "type": "CODEPIPELINE"
              }
            ],
            "badge_enabled": false,
            "badge_url": "",
            "build_batch_config": [],
            "build_timeout": 60,
            "cache": [
              {
                "location": "",
                "modes": [],
                "type": "NO_CACHE"
              }
            ],
            "concurrent_build_limit": 0,
            "description": "Plan state for terraform",
            "encryption_key": "arn:aws:kms:ap-southeast-1:983670951732:alias/aws/s3",
            "environment": [
              {
                "certificate": "",
                "compute_type": "BUILD_GENERAL1_SMALL",
                "environment_variable": [],
                "image": "hashicorp/terraform:latest",
                "image_pull_credentials_type": "SERVICE_ROLE",
                "privileged_mode": false,
                "registry_credential": [],
                "type": "LINUX_CONTAINER"
              }
            ],
            "file_system_locations": [],
            "id": "arn:aws:codebuild:ap-southeast-1:983670951732:project/todo_cicd_plan",
            "logs_config": [
              {
                "cloudwatch_logs": [
                  {
                    "group_name": "",
                    "status": "ENABLED",
                    "stream_name": ""
                  }
                ],
                "s3_logs": [
                  {
                    "bucket_owner_access": "",
                    "encryption_disabled": false,
                    "location": "",
                    "status": "DISABLED"
                  }
                ]
              }
            ],
            "name": "todo_cicd_plan",
            "project_visibility": "PRIVATE",
            "public_project_alias": "",
            "queued_timeout": 480,
            "resource_access_role": "",
            "secondary_artifacts": [],
            "secondary_source_version": [],
            "secondary_sources": [],
            "service_role": "arn:aws:iam::983670951732:role/dev-todo-tf-cicd-todo-codebuild-role",
            "source": [
              {
                "auth": [],
                "build_status_config": [],
                "buildspec": "version: 0.2\r\nphases:\r\n  pre_build:\r\n    commands:\r\n      - terraform init\r\n      - terraform validate\r\n  \r\n  build:\r\n    commands:\r\n      - terraform plan",
                "git_clone_depth": 0,
                "git_submodules_config": [],
                "insecure_ssl": false,
                "location": "",
                "report_build_status": false,
                "type": "CODEPIPELINE"
              }
            ],
            "source_version": "",
            "tags": {},
            "tags_all": {},
            "vpc_config": []
          },
          "sensitive_attributes": [],
          "private": "bnVsbA==",
          "dependencies": [
            "module.aws_tf_cicd_pipeline.module.aws_iam_codebuild.aws_iam_role._",
            "module.aws_tf_cicd_pipeline.module.aws_iam_codebuild.data.template_file.assumerole"
          ]
        }
      ]
    },
    {
      "module": "module.aws_tf_cicd_pipeline",
      "mode": "managed",
      "type": "aws_codepipeline",
      "name": "_",
      "provider": "provider[\"registry.terraform.io/hashicorp/aws\"]",
      "instances": [
        {
          "schema_version": 0,
          "attributes": {
            "arn": "arn:aws:codepipeline:ap-southeast-1:983670951732:demo_tf_cicd",
            "artifact_store": [
              {
                "encryption_key": [],
                "location": "tf-cicd-todo-artifact-bucket",
                "region": "",
                "type": "S3"
              }
            ],
            "id": "demo_tf_cicd",
            "name": "demo_tf_cicd",
            "role_arn": "arn:aws:iam::983670951732:role/dev-todo-tf-cicd-todo-pipeline-role",
            "stage": [
              {
                "action": [
                  {
                    "category": "Source",
                    "configuration": {
                      "BranchName": "main",
                      "ConnectionArn": "arn:aws:codestar-connections:ap-southeast-1:983670951732:connection/b644772d-a629-45d6-948c-128dac87a5a5",
                      "DetectChanges": "true",
                      "FullRepositoryId": "duc-hectre/terraform-aws-sam-example-1",
                      "OutputArtifactFormat": "CODE_ZIP"
                    },
                    "input_artifacts": [],
                    "name": "Source",
                    "namespace": "",
                    "output_artifacts": [
                      "tf-code"
                    ],
                    "owner": "AWS",
                    "provider": "CodeStarSourceConnection",
                    "region": "",
                    "role_arn": "",
                    "run_order": 1,
                    "version": "1"
                  }
                ],
                "name": "Source"
              },
              {
                "action": [
                  {
                    "category": "Test",
                    "configuration": {
                      "ProjectName": "todo_cicd_test"
                    },
                    "input_artifacts": [
                      "tf-code"
                    ],
                    "name": "Test",
                    "namespace": "",
                    "output_artifacts": [],
                    "owner": "AWS",
                    "provider": "CodeBuild",
                    "region": "",
                    "role_arn": "",
                    "run_order": 1,
                    "version": "1"
                  }
                ],
                "name": "Test"
              },
              {
                "action": [
                  {
                    "category": "Build",
                    "configuration": {
                      "ProjectName": "todo_cicd_plan"
                    },
                    "input_artifacts": [
                      "tf-code"
                    ],
                    "name": "Build",
                    "namespace": "",
                    "output_artifacts": [],
                    "owner": "AWS",
                    "provider": "CodeBuild",
                    "region": "",
                    "role_arn": "",
                    "run_order": 1,
                    "version": "1"
                  }
                ],
                "name": "Plan"
              },
              {
                "action": [
                  {
                    "category": "Build",
                    "configuration": {
                      "ProjectName": "todo_cicd_apply"
                    },
                    "input_artifacts": [
                      "tf-code"
                    ],
                    "name": "Deploy",
                    "namespace": "",
                    "output_artifacts": [],
                    "owner": "AWS",
                    "provider": "CodeBuild",
                    "region": "",
                    "role_arn": "",
                    "run_order": 1,
                    "version": "1"
                  }
                ],
                "name": "Deploy"
              }
            ],
            "tags": {},
            "tags_all": {}
          },
          "sensitive_attributes": [],
          "private": "bnVsbA==",
          "dependencies": [
            "module.aws_tf_cicd_pipeline.aws_codebuild_project.sam_test",
            "module.aws_tf_cicd_pipeline.aws_codebuild_project.tf_apply",
            "module.aws_tf_cicd_pipeline.aws_codebuild_project.tf_plan",
            "module.aws_tf_cicd_pipeline.aws_s3_bucket._",
            "module.aws_tf_cicd_pipeline.module.aws_iam.aws_iam_role._",
            "module.aws_tf_cicd_pipeline.module.aws_iam.data.template_file.assumerole",
            "module.aws_tf_cicd_pipeline.module.aws_iam_codebuild.aws_iam_role._",
            "module.aws_tf_cicd_pipeline.module.aws_iam_codebuild.data.template_file.assumerole"
          ]
        }
      ]
    },
    {
      "module": "module.aws_tf_cicd_pipeline",
      "mode": "managed",
      "type": "aws_s3_bucket",
      "name": "_",
      "provider": "provider[\"registry.terraform.io/hashicorp/aws\"]",
      "instances": [
        {
          "schema_version": 0,
          "attributes": {
            "acceleration_status": "",
            "acl": "private",
            "arn": "arn:aws:s3:::tf-cicd-todo-artifact-bucket",
            "bucket": "tf-cicd-todo-artifact-bucket",
            "bucket_domain_name": "tf-cicd-todo-artifact-bucket.s3.amazonaws.com",
            "bucket_prefix": null,
            "bucket_regional_domain_name": "tf-cicd-todo-artifact-bucket.s3.ap-southeast-1.amazonaws.com",
            "cors_rule": [],
            "force_destroy": false,
            "grant": [],
            "hosted_zone_id": "Z3O0J2DXBE1FTB",
            "id": "tf-cicd-todo-artifact-bucket",
            "lifecycle_rule": [],
            "logging": [],
            "object_lock_configuration": [],
            "object_lock_enabled": false,
            "policy": null,
            "region": "ap-southeast-1",
            "replication_configuration": [],
            "request_payer": "BucketOwner",
            "server_side_encryption_configuration": [],
            "tags": {},
            "tags_all": {},
            "versioning": [
              {
                "enabled": false,
                "mfa_delete": false
              }
            ],
            "website": [],
            "website_domain": null,
            "website_endpoint": null
          },
          "sensitive_attributes": [],
          "private": "bnVsbA=="
        }
      ]
    },
    {
      "module": "module.aws_tf_cicd_pipeline",
      "mode": "managed",
      "type": "aws_s3_bucket_acl",
      "name": "_",
      "provider": "provider[\"registry.terraform.io/hashicorp/aws\"]",
      "instances": [
        {
          "schema_version": 0,
          "attributes": {
            "access_control_policy": [
              {
                "grant": [
                  {
                    "grantee": [
                      {
                        "display_name": "ducdd.solution",
                        "email_address": "",
                        "id": "d51e2f4dedd84438eebcb8012e9516d1e73a9f1b587dfd3a38d722a59c3ca06b",
                        "type": "CanonicalUser",
                        "uri": ""
                      }
                    ],
                    "permission": "FULL_CONTROL"
                  }
                ],
                "owner": [
                  {
                    "display_name": "ducdd.solution",
                    "id": "d51e2f4dedd84438eebcb8012e9516d1e73a9f1b587dfd3a38d722a59c3ca06b"
                  }
                ]
              }
            ],
            "acl": "private",
            "bucket": "tf-cicd-todo-artifact-bucket",
            "expected_bucket_owner": "",
            "id": "tf-cicd-todo-artifact-bucket,private"
          },
          "sensitive_attributes": [],
          "private": "bnVsbA==",
          "dependencies": [
            "module.aws_tf_cicd_pipeline.aws_s3_bucket._"
          ]
        }
      ]
    },
    {
      "module": "module.aws_tf_cicd_pipeline.module.aws_iam",
      "mode": "data",
      "type": "template_file",
      "name": "_",
      "provider": "provider[\"registry.terraform.io/hashicorp/template\"]",
      "instances": [
        {
          "index_key": 0,
          "schema_version": 0,
          "attributes": {
            "filename": null,
            "id": "07e960394883acec3ba6fb5bcf712d1e8861256cc1262aa478aaec499d4f858e",
            "rendered": "{\r\n  \"Version\": \"2012-10-17\",\r\n  \"Statement\": [\r\n    {\r\n      \"Effect\": \"Allow\",\r\n      \"Action\": [\"codestar-connections:UseConnection\"],\r\n      \"Resource\": [\"*\"]\r\n    },\r\n    {\r\n      \"Action\": [\"logs:*\", \"s3:*\", \"codebuild:*\", \"secretsmanager:*\", \"iam:*\", \"sqs:*\", \"dynamodb:*\", \"apigateway:*\", \"lambda:*\", \"codepipeline:*\"],\r\n      \"Resource\": [\"*\"],\r\n      \"Effect\": \"Allow\"\r\n    }\r\n  ]\r\n}\r\n",
            "template": "{\r\n  \"Version\": \"2012-10-17\",\r\n  \"Statement\": [\r\n    {\r\n      \"Effect\": \"Allow\",\r\n      \"Action\": [\"codestar-connections:UseConnection\"],\r\n      \"Resource\": [\"*\"]\r\n    },\r\n    {\r\n      \"Action\": [\"logs:*\", \"s3:*\", \"codebuild:*\", \"secretsmanager:*\", \"iam:*\", \"sqs:*\", \"dynamodb:*\", \"apigateway:*\", \"lambda:*\", \"codepipeline:*\"],\r\n      \"Resource\": [\"*\"],\r\n      \"Effect\": \"Allow\"\r\n    }\r\n  ]\r\n}\r\n",
            "vars": null
          },
          "sensitive_attributes": []
        }
      ]
    },
    {
      "module": "module.aws_tf_cicd_pipeline.module.aws_iam",
      "mode": "data",
      "type": "template_file",
      "name": "assumerole",
      "provider": "provider[\"registry.terraform.io/hashicorp/template\"]",
      "instances": [
        {
          "index_key": 0,
          "schema_version": 0,
          "attributes": {
            "filename": null,
            "id": "1bbc47305511ee84cc93ac887400537d684a48facce2b83fb8b0d50e309da840",
            "rendered": "{\r\n  \"Version\": \"2012-10-17\",\r\n  \"Statement\": [\r\n    {\r\n      \"Action\": \"sts:AssumeRole\",\r\n      \"Principal\": {\r\n        \"Service\": \"codepipeline.amazonaws.com\"\r\n      },\r\n      \"Effect\": \"Allow\",\r\n      \"Sid\": \"\"\r\n    }\r\n  ]\r\n}\r\n",
            "template": "{\r\n  \"Version\": \"2012-10-17\",\r\n  \"Statement\": [\r\n    {\r\n      \"Action\": \"sts:AssumeRole\",\r\n      \"Principal\": {\r\n        \"Service\": \"codepipeline.amazonaws.com\"\r\n      },\r\n      \"Effect\": \"Allow\",\r\n      \"Sid\": \"\"\r\n    }\r\n  ]\r\n}\r\n",
            "vars": null
          },
          "sensitive_attributes": []
        }
      ]
    },
    {
      "module": "module.aws_tf_cicd_pipeline.module.aws_iam",
      "mode": "managed",
      "type": "aws_iam_policy",
      "name": "_",
      "provider": "provider[\"registry.terraform.io/hashicorp/aws\"]",
      "instances": [
        {
          "index_key": 0,
          "schema_version": 0,
          "attributes": {
            "arn": "arn:aws:iam::983670951732:policy/dev-todo-tf-cicd-todo-pipeline-policy",
            "description": "",
            "id": "arn:aws:iam::983670951732:policy/dev-todo-tf-cicd-todo-pipeline-policy",
            "name": "dev-todo-tf-cicd-todo-pipeline-policy",
            "name_prefix": null,
            "path": "/",
            "policy": "{\"Statement\":[{\"Action\":[\"codestar-connections:UseConnection\"],\"Effect\":\"Allow\",\"Resource\":[\"*\"]},{\"Action\":[\"logs:*\",\"s3:*\",\"codebuild:*\",\"secretsmanager:*\",\"iam:*\",\"sqs:*\",\"dynamodb:*\",\"apigateway:*\",\"lambda:*\",\"codepipeline:*\"],\"Effect\":\"Allow\",\"Resource\":[\"*\"]}],\"Version\":\"2012-10-17\"}",
            "policy_id": "ANPA6KB23R42H4TRVNCBX",
            "tags": {
              "Environment": "dev",
              "Name": "todo"
            },
            "tags_all": {
              "Environment": "dev",
              "Name": "todo"
            }
          },
          "sensitive_attributes": [],
          "private": "bnVsbA==",
          "dependencies": [
            "module.aws_tf_cicd_pipeline.module.aws_iam.data.template_file._"
          ]
        }
      ]
    },
    {
      "module": "module.aws_tf_cicd_pipeline.module.aws_iam",
      "mode": "managed",
      "type": "aws_iam_policy_attachment",
      "name": "_",
      "provider": "provider[\"registry.terraform.io/hashicorp/aws\"]",
      "instances": [
        {
          "index_key": 0,
          "schema_version": 0,
          "attributes": {
            "groups": [],
            "id": "dev-todo-attachment",
            "name": "dev-todo-attachment",
            "policy_arn": "arn:aws:iam::983670951732:policy/dev-todo-tf-cicd-todo-pipeline-policy",
            "roles": [
              "dev-todo-tf-cicd-todo-pipeline-role"
            ],
            "users": []
          },
          "sensitive_attributes": [],
          "private": "bnVsbA==",
          "dependencies": [
            "module.aws_tf_cicd_pipeline.module.aws_iam.aws_iam_policy._",
            "module.aws_tf_cicd_pipeline.module.aws_iam.aws_iam_role._",
            "module.aws_tf_cicd_pipeline.module.aws_iam.data.template_file._",
            "module.aws_tf_cicd_pipeline.module.aws_iam.data.template_file.assumerole"
          ]
        }
      ]
    },
    {
      "module": "module.aws_tf_cicd_pipeline.module.aws_iam",
      "mode": "managed",
      "type": "aws_iam_role",
      "name": "_",
      "provider": "provider[\"registry.terraform.io/hashicorp/aws\"]",
      "instances": [
        {
          "index_key": 0,
          "schema_version": 0,
          "attributes": {
            "arn": "arn:aws:iam::983670951732:role/dev-todo-tf-cicd-todo-pipeline-role",
            "assume_role_policy": "{\"Version\":\"2012-10-17\",\"Statement\":[{\"Sid\":\"\",\"Effect\":\"Allow\",\"Principal\":{\"Service\":\"codepipeline.amazonaws.com\"},\"Action\":\"sts:AssumeRole\"}]}",
            "create_date": "2022-03-25T11:29:13Z",
            "description": "",
            "force_detach_policies": false,
            "id": "dev-todo-tf-cicd-todo-pipeline-role",
            "inline_policy": [
              {
                "name": "",
                "policy": ""
              }
            ],
            "managed_policy_arns": [
              "arn:aws:iam::983670951732:policy/dev-todo-tf-cicd-todo-pipeline-policy"
            ],
            "max_session_duration": 3600,
            "name": "dev-todo-tf-cicd-todo-pipeline-role",
            "name_prefix": "",
            "path": "/",
            "permissions_boundary": null,
            "tags": {
              "Environment": "dev",
              "Name": "todo"
            },
            "tags_all": {
              "Environment": "dev",
              "Name": "todo"
            },
            "unique_id": "AROA6KB23R42OJ5VVMDKF"
          },
          "sensitive_attributes": [],
          "private": "bnVsbA==",
          "dependencies": [
            "module.aws_tf_cicd_pipeline.module.aws_iam.data.template_file.assumerole"
          ]
        }
      ]
    },
    {
      "module": "module.aws_tf_cicd_pipeline.module.aws_iam_codebuild",
      "mode": "data",
      "type": "template_file",
      "name": "_",
      "provider": "provider[\"registry.terraform.io/hashicorp/template\"]",
      "instances": [
        {
          "index_key": 0,
          "schema_version": 0,
          "attributes": {
            "filename": null,
            "id": "07e960394883acec3ba6fb5bcf712d1e8861256cc1262aa478aaec499d4f858e",
            "rendered": "{\r\n  \"Version\": \"2012-10-17\",\r\n  \"Statement\": [\r\n    {\r\n      \"Effect\": \"Allow\",\r\n      \"Action\": [\"codestar-connections:UseConnection\"],\r\n      \"Resource\": [\"*\"]\r\n    },\r\n    {\r\n      \"Action\": [\"logs:*\", \"s3:*\", \"codebuild:*\", \"secretsmanager:*\", \"iam:*\", \"sqs:*\", \"dynamodb:*\", \"apigateway:*\", \"lambda:*\", \"codepipeline:*\"],\r\n      \"Resource\": [\"*\"],\r\n      \"Effect\": \"Allow\"\r\n    }\r\n  ]\r\n}\r\n",
            "template": "{\r\n  \"Version\": \"2012-10-17\",\r\n  \"Statement\": [\r\n    {\r\n      \"Effect\": \"Allow\",\r\n      \"Action\": [\"codestar-connections:UseConnection\"],\r\n      \"Resource\": [\"*\"]\r\n    },\r\n    {\r\n      \"Action\": [\"logs:*\", \"s3:*\", \"codebuild:*\", \"secretsmanager:*\", \"iam:*\", \"sqs:*\", \"dynamodb:*\", \"apigateway:*\", \"lambda:*\", \"codepipeline:*\"],\r\n      \"Resource\": [\"*\"],\r\n      \"Effect\": \"Allow\"\r\n    }\r\n  ]\r\n}\r\n",
            "vars": null
          },
          "sensitive_attributes": []
        }
      ]
    },
    {
      "module": "module.aws_tf_cicd_pipeline.module.aws_iam_codebuild",
      "mode": "data",
      "type": "template_file",
      "name": "assumerole",
      "provider": "provider[\"registry.terraform.io/hashicorp/template\"]",
      "instances": [
        {
          "index_key": 0,
          "schema_version": 0,
          "attributes": {
            "filename": null,
            "id": "da4d57f781fd291546759889d401b21a8027f567bb5eb205ace3f941d0316c7e",
            "rendered": "{\r\n  \"Version\": \"2012-10-17\",\r\n  \"Statement\": [\r\n    {\r\n      \"Action\": \"sts:AssumeRole\",\r\n      \"Principal\": {\r\n        \"Service\": \"codebuild.amazonaws.com\"\r\n      },\r\n      \"Effect\": \"Allow\",\r\n      \"Sid\": \"\"\r\n    }\r\n  ]\r\n}\r\n",
            "template": "{\r\n  \"Version\": \"2012-10-17\",\r\n  \"Statement\": [\r\n    {\r\n      \"Action\": \"sts:AssumeRole\",\r\n      \"Principal\": {\r\n        \"Service\": \"codebuild.amazonaws.com\"\r\n      },\r\n      \"Effect\": \"Allow\",\r\n      \"Sid\": \"\"\r\n    }\r\n  ]\r\n}\r\n",
            "vars": null
          },
          "sensitive_attributes": []
        }
      ]
    },
    {
      "module": "module.aws_tf_cicd_pipeline.module.aws_iam_codebuild",
      "mode": "managed",
      "type": "aws_iam_policy",
      "name": "_",
      "provider": "provider[\"registry.terraform.io/hashicorp/aws\"]",
      "instances": [
        {
          "index_key": 0,
          "schema_version": 0,
          "attributes": {
            "arn": "arn:aws:iam::983670951732:policy/dev-todo-tf-cicd-todo-codebuild-policy",
            "description": "",
            "id": "arn:aws:iam::983670951732:policy/dev-todo-tf-cicd-todo-codebuild-policy",
            "name": "dev-todo-tf-cicd-todo-codebuild-policy",
            "name_prefix": null,
            "path": "/",
            "policy": "{\"Statement\":[{\"Action\":[\"codestar-connections:UseConnection\"],\"Effect\":\"Allow\",\"Resource\":[\"*\"]},{\"Action\":[\"logs:*\",\"s3:*\",\"codebuild:*\",\"secretsmanager:*\",\"iam:*\",\"sqs:*\",\"dynamodb:*\",\"apigateway:*\",\"lambda:*\",\"codepipeline:*\"],\"Effect\":\"Allow\",\"Resource\":[\"*\"]}],\"Version\":\"2012-10-17\"}",
            "policy_id": "ANPA6KB23R42LNJWOIXCU",
            "tags": {
              "Environment": "dev",
              "Name": "todo"
            },
            "tags_all": {
              "Environment": "dev",
              "Name": "todo"
            }
          },
          "sensitive_attributes": [],
          "private": "bnVsbA==",
          "dependencies": [
            "module.aws_tf_cicd_pipeline.module.aws_iam_codebuild.data.template_file._"
          ]
        }
      ]
    },
    {
      "module": "module.aws_tf_cicd_pipeline.module.aws_iam_codebuild",
      "mode": "managed",
      "type": "aws_iam_policy_attachment",
      "name": "_",
      "provider": "provider[\"registry.terraform.io/hashicorp/aws\"]",
      "instances": [
        {
          "index_key": 0,
          "schema_version": 0,
          "attributes": {
            "groups": [],
            "id": "dev-todo-attachment",
            "name": "dev-todo-attachment",
            "policy_arn": "arn:aws:iam::983670951732:policy/dev-todo-tf-cicd-todo-codebuild-policy",
            "roles": [
              "dev-todo-tf-cicd-todo-codebuild-role"
            ],
            "users": []
          },
          "sensitive_attributes": [],
          "private": "bnVsbA==",
          "dependencies": [
            "module.aws_tf_cicd_pipeline.module.aws_iam_codebuild.aws_iam_policy._",
            "module.aws_tf_cicd_pipeline.module.aws_iam_codebuild.aws_iam_role._",
            "module.aws_tf_cicd_pipeline.module.aws_iam_codebuild.data.template_file._",
            "module.aws_tf_cicd_pipeline.module.aws_iam_codebuild.data.template_file.assumerole"
          ]
        }
      ]
    },
    {
      "module": "module.aws_tf_cicd_pipeline.module.aws_iam_codebuild",
      "mode": "managed",
      "type": "aws_iam_role",
      "name": "_",
      "provider": "provider[\"registry.terraform.io/hashicorp/aws\"]",
      "instances": [
        {
          "index_key": 0,
          "schema_version": 0,
          "attributes": {
            "arn": "arn:aws:iam::983670951732:role/dev-todo-tf-cicd-todo-codebuild-role",
            "assume_role_policy": "{\"Version\":\"2012-10-17\",\"Statement\":[{\"Sid\":\"\",\"Effect\":\"Allow\",\"Principal\":{\"Service\":\"codebuild.amazonaws.com\"},\"Action\":\"sts:AssumeRole\"}]}",
            "create_date": "2022-03-25T11:29:13Z",
            "description": "",
            "force_detach_policies": false,
            "id": "dev-todo-tf-cicd-todo-codebuild-role",
            "inline_policy": [
              {
                "name": "",
                "policy": ""
              }
            ],
            "managed_policy_arns": [
              "arn:aws:iam::983670951732:policy/dev-todo-tf-cicd-todo-codebuild-policy"
            ],
            "max_session_duration": 3600,
            "name": "dev-todo-tf-cicd-todo-codebuild-role",
            "name_prefix": "",
            "path": "/",
            "permissions_boundary": null,
            "tags": {
              "Environment": "dev",
              "Name": "todo"
            },
            "tags_all": {
              "Environment": "dev",
              "Name": "todo"
            },
            "unique_id": "AROA6KB23R42NL22PSYZX"
          },
          "sensitive_attributes": [],
          "private": "bnVsbA==",
          "dependencies": [
            "module.aws_tf_cicd_pipeline.module.aws_iam_codebuild.data.template_file.assumerole"
          ]
        }
      ]
    },
    {
      "module": "module.lambda_api_todo",
      "mode": "data",
      "type": "archive_file",
      "name": "_",
      "provider": "provider[\"registry.terraform.io/hashicorp/archive\"]",
      "instances": [
        {
          "schema_version": 0,
          "attributes": {
            "excludes": null,
            "id": "91155b4b2bf8b2d1e19057d1598c2f3704f64f8a",
            "output_base64sha256": "luVirALYbmB13y8JGtGk8Yvnqcwia8jEoQl9nS1BMTg=",
            "output_file_mode": null,
            "output_md5": "2374e58fc88a538cb38a0e5fb79046dd",
            "output_path": "./package/dev/todo_handler/tf-sam-lambda-todo-handler.zip",
            "output_sha": "91155b4b2bf8b2d1e19057d1598c2f3704f64f8a",
            "output_size": 142857,
            "source": [],
            "source_content": null,
            "source_content_filename": null,
            "source_dir": "./sam/todo_handler/.aws-sam/build/TodoFunction",
            "source_file": null,
            "type": "zip"
          },
          "sensitive_attributes": []
        }
      ]
    },
    {
      "module": "module.lambda_api_todo.module.aws_api_gateway",
      "mode": "managed",
      "type": "aws_api_gateway_deployment",
      "name": "_",
      "provider": "provider[\"registry.terraform.io/hashicorp/aws\"]",
      "instances": [
        {
          "schema_version": 0,
          "attributes": {
            "created_date": "2022-03-25T11:29:38Z",
            "description": "",
            "execution_arn": "arn:aws:execute-api:ap-southeast-1:983670951732:ta5vc2vjzc/dev",
            "id": "sko84e",
            "invoke_url": "https://ta5vc2vjzc.execute-api.ap-southeast-1.amazonaws.com/dev",
            "rest_api_id": "ta5vc2vjzc",
            "stage_description": null,
            "stage_name": "dev",
            "triggers": null,
            "variables": null
          },
          "sensitive_attributes": [],
          "private": "bnVsbA==",
          "dependencies": [
            "aws_dynamodb_table._",
            "aws_sqs_queue._",
            "module.lambda_api_todo.data.archive_file._",
            "module.lambda_api_todo.module.aws_api_gateway.aws_api_gateway_integration._",
            "module.lambda_api_todo.module.aws_api_gateway.aws_api_gateway_method._",
            "module.lambda_api_todo.module.aws_api_gateway.aws_api_gateway_resource._",
            "module.lambda_api_todo.module.aws_api_gateway.aws_api_gateway_rest_api._",
            "module.lambda_api_todo.module.aws_iam.aws_iam_role._",
            "module.lambda_api_todo.module.aws_iam.data.template_file.assumerole",
            "module.lambda_api_todo.module.aws_lambda.aws_lambda_function._"
          ]
        }
      ]
    },
    {
      "module": "module.lambda_api_todo.module.aws_api_gateway",
      "mode": "managed",
      "type": "aws_api_gateway_integration",
      "name": "_",
      "provider": "provider[\"registry.terraform.io/hashicorp/aws\"]",
      "instances": [
        {
          "schema_version": 0,
          "attributes": {
            "cache_key_parameters": [],
            "cache_namespace": "eag21e",
            "connection_id": "",
            "connection_type": "INTERNET",
            "content_handling": "",
            "credentials": "",
            "http_method": "ANY",
            "id": "agi-ta5vc2vjzc-eag21e-ANY",
            "integration_http_method": "POST",
            "passthrough_behavior": "WHEN_NO_MATCH",
            "request_parameters": {},
            "request_templates": {},
            "resource_id": "eag21e",
            "rest_api_id": "ta5vc2vjzc",
            "timeout_milliseconds": 29000,
            "tls_config": [],
            "type": "AWS_PROXY",
            "uri": "arn:aws:apigateway:ap-southeast-1:lambda:path/2015-03-31/functions/arn:aws:lambda:ap-southeast-1:983670951732:function:dev-todo-tf-sam-lambda-todo-handler/invocations"
          },
          "sensitive_attributes": [],
          "private": "bnVsbA==",
          "dependencies": [
            "aws_dynamodb_table._",
            "aws_sqs_queue._",
            "module.lambda_api_todo.data.archive_file._",
            "module.lambda_api_todo.module.aws_api_gateway.aws_api_gateway_method._",
            "module.lambda_api_todo.module.aws_api_gateway.aws_api_gateway_resource._",
            "module.lambda_api_todo.module.aws_api_gateway.aws_api_gateway_rest_api._",
            "module.lambda_api_todo.module.aws_iam.aws_iam_role._",
            "module.lambda_api_todo.module.aws_iam.data.template_file.assumerole",
            "module.lambda_api_todo.module.aws_lambda.aws_lambda_function._"
          ]
        }
      ]
    },
    {
      "module": "module.lambda_api_todo.module.aws_api_gateway",
      "mode": "managed",
      "type": "aws_api_gateway_method",
      "name": "_",
      "provider": "provider[\"registry.terraform.io/hashicorp/aws\"]",
      "instances": [
        {
          "schema_version": 0,
          "attributes": {
            "api_key_required": false,
            "authorization": "NONE",
            "authorization_scopes": [],
            "authorizer_id": "",
            "http_method": "ANY",
            "id": "agm-ta5vc2vjzc-eag21e-ANY",
            "operation_name": "",
            "request_models": {},
            "request_parameters": {},
            "request_validator_id": "",
            "resource_id": "eag21e",
            "rest_api_id": "ta5vc2vjzc"
          },
          "sensitive_attributes": [],
          "private": "bnVsbA==",
          "dependencies": [
            "module.lambda_api_todo.module.aws_api_gateway.aws_api_gateway_resource._",
            "module.lambda_api_todo.module.aws_api_gateway.aws_api_gateway_rest_api._"
          ]
        }
      ]
    },
    {
      "module": "module.lambda_api_todo.module.aws_api_gateway",
      "mode": "managed",
      "type": "aws_api_gateway_resource",
      "name": "_",
      "provider": "provider[\"registry.terraform.io/hashicorp/aws\"]",
      "instances": [
        {
          "schema_version": 0,
          "attributes": {
            "id": "eag21e",
            "parent_id": "758m8qz3a0",
            "path": "/todo",
            "path_part": "todo",
            "rest_api_id": "ta5vc2vjzc"
          },
          "sensitive_attributes": [],
          "private": "bnVsbA==",
          "dependencies": [
            "module.lambda_api_todo.module.aws_api_gateway.aws_api_gateway_rest_api._"
          ]
        }
      ]
    },
    {
      "module": "module.lambda_api_todo.module.aws_api_gateway",
      "mode": "managed",
      "type": "aws_api_gateway_rest_api",
      "name": "_",
      "provider": "provider[\"registry.terraform.io/hashicorp/aws\"]",
      "instances": [
        {
          "schema_version": 0,
          "attributes": {
            "api_key_source": "HEADER",
            "arn": "arn:aws:apigateway:ap-southeast-1::/restapis/ta5vc2vjzc",
            "binary_media_types": [],
            "body": null,
            "created_date": "2022-03-23T04:35:29Z",
            "description": "Terraform serverless demo api gateway",
            "disable_execute_api_endpoint": false,
            "endpoint_configuration": [
              {
                "types": [
                  "EDGE"
                ],
                "vpc_endpoint_ids": []
              }
            ],
            "execution_arn": "arn:aws:execute-api:ap-southeast-1:983670951732:ta5vc2vjzc",
            "id": "ta5vc2vjzc",
            "minimum_compression_size": -1,
            "name": "dev-todo-tf-sam-api-todo",
            "parameters": null,
            "policy": "",
            "root_resource_id": "758m8qz3a0",
            "tags": {},
            "tags_all": {}
          },
          "sensitive_attributes": [],
          "private": "bnVsbA=="
        }
      ]
    },
    {
      "module": "module.lambda_api_todo.module.aws_iam",
      "mode": "data",
      "type": "template_file",
      "name": "_",
      "provider": "provider[\"registry.terraform.io/hashicorp/template\"]",
      "instances": [
        {
          "index_key": 0,
          "schema_version": 0,
          "attributes": {
            "filename": null,
            "id": "09dbc26061bceb51aab6a167639fa7bbe11a508cf0d99f01e61def9c32a521de",
            "rendered": "{\r\n  \"Version\": \"2012-10-17\",\r\n  \"Statement\": [\r\n    {\r\n      \"Effect\": \"Allow\",\r\n      \"Action\": [\"sqs:ReceiveMessage\", \"sqs:DeleteMessage\", \"sqs:SendMessage\", \"sqs:GetQueueAttributes\"],\r\n      \"Resource\": \"arn:aws:sqs:ap-southeast-1:983670951732:rf_sam_todo_queue\"\r\n    },\r\n    {\r\n      \"Action\": [\r\n        \"dynamodb:GetItem\",\r\n        \"dynamodb:DeleteItem\",\r\n        \"dynamodb:PutItem\",\r\n        \"dynamodb:Scan\",\r\n        \"dynamodb:Query\",\r\n        \"dynamodb:UpdateItem\",\r\n        \"dynamodb:BatchWriteItem\",\r\n        \"dynamodb:BatchGetItem\",\r\n        \"dynamodb:DescribeTable\",\r\n        \"dynamodb:ConditionCheckItem\"\r\n      ],\r\n      \"Resource\": [\"arn:aws:dynamodb:ap-southeast-1:983670951732:table/tf_sam_todo_table\"],\r\n      \"Effect\": \"Allow\"\r\n    }\r\n  ]\r\n}\r\n",
            "template": "{\r\n  \"Version\": \"2012-10-17\",\r\n  \"Statement\": [\r\n    {\r\n      \"Effect\": \"Allow\",\r\n      \"Action\": [\"sqs:ReceiveMessage\", \"sqs:DeleteMessage\", \"sqs:SendMessage\", \"sqs:GetQueueAttributes\"],\r\n      \"Resource\": \"${aws-queue-arn}\"\r\n    },\r\n    {\r\n      \"Action\": [\r\n        \"dynamodb:GetItem\",\r\n        \"dynamodb:DeleteItem\",\r\n        \"dynamodb:PutItem\",\r\n        \"dynamodb:Scan\",\r\n        \"dynamodb:Query\",\r\n        \"dynamodb:UpdateItem\",\r\n        \"dynamodb:BatchWriteItem\",\r\n        \"dynamodb:BatchGetItem\",\r\n        \"dynamodb:DescribeTable\",\r\n        \"dynamodb:ConditionCheckItem\"\r\n      ],\r\n      \"Resource\": [\"${aws_dynamodb_table_arn}\"],\r\n      \"Effect\": \"Allow\"\r\n    }\r\n  ]\r\n}\r\n",
            "vars": {
              "aws-queue-arn": "arn:aws:sqs:ap-southeast-1:983670951732:rf_sam_todo_queue",
              "aws_dynamodb_table_arn": "arn:aws:dynamodb:ap-southeast-1:983670951732:table/tf_sam_todo_table"
            }
          },
          "sensitive_attributes": []
        }
      ]
    },
    {
      "module": "module.lambda_api_todo.module.aws_iam",
      "mode": "data",
      "type": "template_file",
      "name": "assumerole",
      "provider": "provider[\"registry.terraform.io/hashicorp/template\"]",
      "instances": [
        {
          "index_key": 0,
          "schema_version": 0,
          "attributes": {
            "filename": null,
            "id": "c72f563a4cd5597f2ac5adc63bc7c6a5331381046c7cf052698b3623df46494c",
            "rendered": "{\r\n  \"Version\": \"2012-10-17\",\r\n  \"Statement\": [\r\n    {\r\n      \"Action\": \"sts:AssumeRole\",\r\n      \"Principal\": {\r\n        \"Service\": \"lambda.amazonaws.com\"\r\n      },\r\n      \"Effect\": \"Allow\",\r\n      \"Sid\": \"\"\r\n    }\r\n  ]\r\n}\r\n",
            "template": "{\r\n  \"Version\": \"2012-10-17\",\r\n  \"Statement\": [\r\n    {\r\n      \"Action\": \"sts:AssumeRole\",\r\n      \"Principal\": {\r\n        \"Service\": \"lambda.amazonaws.com\"\r\n      },\r\n      \"Effect\": \"Allow\",\r\n      \"Sid\": \"\"\r\n    }\r\n  ]\r\n}\r\n",
            "vars": {
              "aws-queue-arn": "arn:aws:sqs:ap-southeast-1:983670951732:rf_sam_todo_queue",
              "aws_dynamodb_table_arn": "arn:aws:dynamodb:ap-southeast-1:983670951732:table/tf_sam_todo_table"
            }
          },
          "sensitive_attributes": []
        }
      ]
    },
    {
      "module": "module.lambda_api_todo.module.aws_iam",
      "mode": "managed",
      "type": "aws_iam_policy",
      "name": "_",
      "provider": "provider[\"registry.terraform.io/hashicorp/aws\"]",
      "instances": [
        {
          "index_key": 0,
          "schema_version": 0,
          "attributes": {
            "arn": "arn:aws:iam::983670951732:policy/dev-todo-tf-sam-lambda-todo-handler-policy",
            "description": "",
            "id": "arn:aws:iam::983670951732:policy/dev-todo-tf-sam-lambda-todo-handler-policy",
            "name": "dev-todo-tf-sam-lambda-todo-handler-policy",
            "name_prefix": null,
            "path": "/",
            "policy": "{\"Statement\":[{\"Action\":[\"sqs:ReceiveMessage\",\"sqs:DeleteMessage\",\"sqs:SendMessage\",\"sqs:GetQueueAttributes\"],\"Effect\":\"Allow\",\"Resource\":\"arn:aws:sqs:ap-southeast-1:983670951732:rf_sam_todo_queue\"},{\"Action\":[\"dynamodb:GetItem\",\"dynamodb:DeleteItem\",\"dynamodb:PutItem\",\"dynamodb:Scan\",\"dynamodb:Query\",\"dynamodb:UpdateItem\",\"dynamodb:BatchWriteItem\",\"dynamodb:BatchGetItem\",\"dynamodb:DescribeTable\",\"dynamodb:ConditionCheckItem\"],\"Effect\":\"Allow\",\"Resource\":[\"arn:aws:dynamodb:ap-southeast-1:983670951732:table/tf_sam_todo_table\"]}],\"Version\":\"2012-10-17\"}",
            "policy_id": "ANPA6KB23R42PUQN56JG3",
            "tags": {
              "Environment": "dev",
              "Name": "todo"
            },
            "tags_all": {
              "Environment": "dev",
              "Name": "todo"
            }
          },
          "sensitive_attributes": [],
          "private": "bnVsbA==",
          "dependencies": [
            "aws_dynamodb_table._",
            "aws_sqs_queue._",
            "module.lambda_api_todo.module.aws_iam.data.template_file._"
          ]
        }
      ]
    },
    {
      "module": "module.lambda_api_todo.module.aws_iam",
      "mode": "managed",
      "type": "aws_iam_policy_attachment",
      "name": "_",
      "provider": "provider[\"registry.terraform.io/hashicorp/aws\"]",
      "instances": [
        {
          "index_key": 0,
          "schema_version": 0,
          "attributes": {
            "groups": [],
            "id": "dev-todo-attachment",
            "name": "dev-todo-attachment",
            "policy_arn": "arn:aws:iam::983670951732:policy/dev-todo-tf-sam-lambda-todo-handler-policy",
            "roles": [
              "dev-todo-tf-sam-lambda-todo-handler-role"
            ],
            "users": []
          },
          "sensitive_attributes": [],
          "private": "bnVsbA==",
          "dependencies": [
            "aws_dynamodb_table._",
            "aws_sqs_queue._",
            "module.lambda_api_todo.module.aws_iam.aws_iam_policy._",
            "module.lambda_api_todo.module.aws_iam.aws_iam_role._",
            "module.lambda_api_todo.module.aws_iam.data.template_file._",
            "module.lambda_api_todo.module.aws_iam.data.template_file.assumerole"
          ]
        }
      ]
    },
    {
      "module": "module.lambda_api_todo.module.aws_iam",
      "mode": "managed",
      "type": "aws_iam_role",
      "name": "_",
      "provider": "provider[\"registry.terraform.io/hashicorp/aws\"]",
      "instances": [
        {
          "index_key": 0,
          "schema_version": 0,
          "attributes": {
            "arn": "arn:aws:iam::983670951732:role/dev-todo-tf-sam-lambda-todo-handler-role",
            "assume_role_policy": "{\"Version\":\"2012-10-17\",\"Statement\":[{\"Sid\":\"\",\"Effect\":\"Allow\",\"Principal\":{\"Service\":\"lambda.amazonaws.com\"},\"Action\":\"sts:AssumeRole\"}]}",
            "create_date": "2022-03-25T11:29:13Z",
            "description": "",
            "force_detach_policies": false,
            "id": "dev-todo-tf-sam-lambda-todo-handler-role",
            "inline_policy": [
              {
                "name": "",
                "policy": ""
              }
            ],
            "managed_policy_arns": [
              "arn:aws:iam::983670951732:policy/dev-todo-tf-sam-lambda-todo-handler-policy"
            ],
            "max_session_duration": 3600,
            "name": "dev-todo-tf-sam-lambda-todo-handler-role",
            "name_prefix": "",
            "path": "/",
            "permissions_boundary": null,
            "tags": {
              "Environment": "dev",
              "Name": "todo"
            },
            "tags_all": {
              "Environment": "dev",
              "Name": "todo"
            },
            "unique_id": "AROA6KB23R42D7LBNAYQ2"
          },
          "sensitive_attributes": [],
          "private": "bnVsbA==",
          "dependencies": [
            "aws_dynamodb_table._",
            "aws_sqs_queue._",
            "module.lambda_api_todo.module.aws_iam.data.template_file.assumerole"
          ]
        }
      ]
    },
    {
      "module": "module.lambda_api_todo.module.aws_lambda",
      "mode": "managed",
      "type": "aws_lambda_function",
      "name": "_",
      "provider": "provider[\"registry.terraform.io/hashicorp/aws\"]",
      "instances": [
        {
          "schema_version": 0,
          "attributes": {
            "architectures": [
              "x86_64"
            ],
            "arn": "arn:aws:lambda:ap-southeast-1:983670951732:function:dev-todo-tf-sam-lambda-todo-handler",
            "code_signing_config_arn": "",
            "dead_letter_config": [],
            "description": "",
            "environment": [
              {
                "variables": {
                  "DYNAMO_TABLE_NAME": "tf_sam_todo_table",
                  "SQS_URL": "https://sqs.ap-southeast-1.amazonaws.com/983670951732/rf_sam_todo_queue"
                }
              }
            ],
            "file_system_config": [],
            "filename": "./package/dev/todo_handler/tf-sam-lambda-todo-handler.zip",
            "function_name": "dev-todo-tf-sam-lambda-todo-handler",
            "handler": "main.lambda_handler",
            "id": "dev-todo-tf-sam-lambda-todo-handler",
            "image_config": [],
            "image_uri": "",
            "invoke_arn": "arn:aws:apigateway:ap-southeast-1:lambda:path/2015-03-31/functions/arn:aws:lambda:ap-southeast-1:983670951732:function:dev-todo-tf-sam-lambda-todo-handler/invocations",
            "kms_key_arn": "",
            "last_modified": "2022-03-25T11:29:37.713+0000",
            "layers": [],
            "memory_size": 128,
            "package_type": "Zip",
            "publish": false,
            "qualified_arn": "arn:aws:lambda:ap-southeast-1:983670951732:function:dev-todo-tf-sam-lambda-todo-handler:$LATEST",
            "reserved_concurrent_executions": -1,
            "role": "arn:aws:iam::983670951732:role/dev-todo-tf-sam-lambda-todo-handler-role",
            "runtime": "python3.8",
            "s3_bucket": null,
            "s3_key": null,
            "s3_object_version": null,
            "signing_job_arn": "",
            "signing_profile_version_arn": "",
            "source_code_hash": "luVirALYbmB13y8JGtGk8Yvnqcwia8jEoQl9nS1BMTg=",
            "source_code_size": 142857,
            "tags": {},
            "tags_all": {},
            "timeout": 3,
            "timeouts": null,
            "tracing_config": [
              {
                "mode": "PassThrough"
              }
            ],
            "version": "$LATEST",
            "vpc_config": []
          },
          "sensitive_attributes": [],
          "private": "eyJlMmJmYjczMC1lY2FhLTExZTYtOGY4OC0zNDM2M2JjN2M0YzAiOnsiY3JlYXRlIjo2MDAwMDAwMDAwMDB9fQ==",
          "dependencies": [
            "aws_dynamodb_table._",
            "aws_sqs_queue._",
            "module.lambda_api_todo.data.archive_file._",
            "module.lambda_api_todo.module.aws_iam.aws_iam_role._",
            "module.lambda_api_todo.module.aws_iam.data.template_file.assumerole"
          ]
        }
      ]
    },
    {
      "module": "module.lambda_api_todo.module.aws_lambda",
      "mode": "managed",
      "type": "aws_lambda_permission",
      "name": "_",
      "provider": "provider[\"registry.terraform.io/hashicorp/aws\"]",
      "instances": [
        {
          "index_key": 0,
          "schema_version": 0,
          "attributes": {
            "action": "lambda:InvokeFunction",
            "event_source_token": null,
            "function_name": "dev-todo-tf-sam-lambda-todo-handler",
            "id": "AllowAPIGatewayInvoke",
            "principal": "apigateway.amazonaws.com",
            "qualifier": "",
            "source_account": null,
            "source_arn": "arn:aws:execute-api:ap-southeast-1:983670951732:ta5vc2vjzc/*/*",
            "statement_id": "AllowAPIGatewayInvoke",
            "statement_id_prefix": null
          },
          "sensitive_attributes": [],
          "private": "bnVsbA==",
          "dependencies": [
            "aws_dynamodb_table._",
            "aws_sqs_queue._",
            "module.lambda_api_todo.data.archive_file._",
            "module.lambda_api_todo.module.aws_api_gateway.aws_api_gateway_rest_api._",
            "module.lambda_api_todo.module.aws_iam.aws_iam_role._",
            "module.lambda_api_todo.module.aws_iam.data.template_file.assumerole",
            "module.lambda_api_todo.module.aws_lambda.aws_lambda_function._"
          ]
        }
      ]
    },
    {
      "module": "module.lambda_persist_todo",
      "mode": "data",
      "type": "archive_file",
      "name": "_",
      "provider": "provider[\"registry.terraform.io/hashicorp/archive\"]",
      "instances": [
        {
          "schema_version": 0,
          "attributes": {
            "excludes": null,
            "id": "cf2bb7f534cb514d02a3eb256442f5d40022634d",
            "output_base64sha256": "rmOwAY02xFsHwYj8dmKdlNbdRpdOgWnbYEaWKtNk/QY=",
            "output_file_mode": null,
            "output_md5": "adfa7f7bf4f66494ab0a5306ea014510",
            "output_path": "./package/dev/todo_persist/tf-sam-lambda-todo-persist.zip",
            "output_sha": "cf2bb7f534cb514d02a3eb256442f5d40022634d",
            "output_size": 882,
            "source": [],
            "source_content": null,
            "source_content_filename": null,
            "source_dir": null,
            "source_file": "./lambda/src/todo_persist/main.py",
            "type": "zip"
          },
          "sensitive_attributes": []
        }
      ]
    },
    {
      "module": "module.lambda_persist_todo.module.aws_iam",
      "mode": "data",
      "type": "template_file",
      "name": "_",
      "provider": "provider[\"registry.terraform.io/hashicorp/template\"]",
      "instances": [
        {
          "index_key": 0,
          "schema_version": 0,
          "attributes": {
            "filename": null,
            "id": "09dbc26061bceb51aab6a167639fa7bbe11a508cf0d99f01e61def9c32a521de",
            "rendered": "{\r\n  \"Version\": \"2012-10-17\",\r\n  \"Statement\": [\r\n    {\r\n      \"Effect\": \"Allow\",\r\n      \"Action\": [\"sqs:ReceiveMessage\", \"sqs:DeleteMessage\", \"sqs:SendMessage\", \"sqs:GetQueueAttributes\"],\r\n      \"Resource\": \"arn:aws:sqs:ap-southeast-1:983670951732:rf_sam_todo_queue\"\r\n    },\r\n    {\r\n      \"Action\": [\r\n        \"dynamodb:GetItem\",\r\n        \"dynamodb:DeleteItem\",\r\n        \"dynamodb:PutItem\",\r\n        \"dynamodb:Scan\",\r\n        \"dynamodb:Query\",\r\n        \"dynamodb:UpdateItem\",\r\n        \"dynamodb:BatchWriteItem\",\r\n        \"dynamodb:BatchGetItem\",\r\n        \"dynamodb:DescribeTable\",\r\n        \"dynamodb:ConditionCheckItem\"\r\n      ],\r\n      \"Resource\": [\"arn:aws:dynamodb:ap-southeast-1:983670951732:table/tf_sam_todo_table\"],\r\n      \"Effect\": \"Allow\"\r\n    }\r\n  ]\r\n}\r\n",
            "template": "{\r\n  \"Version\": \"2012-10-17\",\r\n  \"Statement\": [\r\n    {\r\n      \"Effect\": \"Allow\",\r\n      \"Action\": [\"sqs:ReceiveMessage\", \"sqs:DeleteMessage\", \"sqs:SendMessage\", \"sqs:GetQueueAttributes\"],\r\n      \"Resource\": \"${aws-queue-arn}\"\r\n    },\r\n    {\r\n      \"Action\": [\r\n        \"dynamodb:GetItem\",\r\n        \"dynamodb:DeleteItem\",\r\n        \"dynamodb:PutItem\",\r\n        \"dynamodb:Scan\",\r\n        \"dynamodb:Query\",\r\n        \"dynamodb:UpdateItem\",\r\n        \"dynamodb:BatchWriteItem\",\r\n        \"dynamodb:BatchGetItem\",\r\n        \"dynamodb:DescribeTable\",\r\n        \"dynamodb:ConditionCheckItem\"\r\n      ],\r\n      \"Resource\": [\"${aws_dynamodb_table_arn}\"],\r\n      \"Effect\": \"Allow\"\r\n    }\r\n  ]\r\n}\r\n",
            "vars": {
              "aws-queue-arn": "arn:aws:sqs:ap-southeast-1:983670951732:rf_sam_todo_queue",
              "aws_dynamodb_table_arn": "arn:aws:dynamodb:ap-southeast-1:983670951732:table/tf_sam_todo_table"
            }
          },
          "sensitive_attributes": []
        }
      ]
    },
    {
      "module": "module.lambda_persist_todo.module.aws_iam",
      "mode": "data",
      "type": "template_file",
      "name": "assumerole",
      "provider": "provider[\"registry.terraform.io/hashicorp/template\"]",
      "instances": [
        {
          "index_key": 0,
          "schema_version": 0,
          "attributes": {
            "filename": null,
            "id": "c72f563a4cd5597f2ac5adc63bc7c6a5331381046c7cf052698b3623df46494c",
            "rendered": "{\r\n  \"Version\": \"2012-10-17\",\r\n  \"Statement\": [\r\n    {\r\n      \"Action\": \"sts:AssumeRole\",\r\n      \"Principal\": {\r\n        \"Service\": \"lambda.amazonaws.com\"\r\n      },\r\n      \"Effect\": \"Allow\",\r\n      \"Sid\": \"\"\r\n    }\r\n  ]\r\n}\r\n",
            "template": "{\r\n  \"Version\": \"2012-10-17\",\r\n  \"Statement\": [\r\n    {\r\n      \"Action\": \"sts:AssumeRole\",\r\n      \"Principal\": {\r\n        \"Service\": \"lambda.amazonaws.com\"\r\n      },\r\n      \"Effect\": \"Allow\",\r\n      \"Sid\": \"\"\r\n    }\r\n  ]\r\n}\r\n",
            "vars": {
              "aws-queue-arn": "arn:aws:sqs:ap-southeast-1:983670951732:rf_sam_todo_queue",
              "aws_dynamodb_table_arn": "arn:aws:dynamodb:ap-southeast-1:983670951732:table/tf_sam_todo_table"
            }
          },
          "sensitive_attributes": []
        }
      ]
    },
    {
      "module": "module.lambda_persist_todo.module.aws_iam",
      "mode": "managed",
      "type": "aws_iam_policy",
      "name": "_",
      "provider": "provider[\"registry.terraform.io/hashicorp/aws\"]",
      "instances": [
        {
          "index_key": 0,
          "schema_version": 0,
          "attributes": {
            "arn": "arn:aws:iam::983670951732:policy/dev-todo-tf-sam-lambda-todo-persist-policy",
            "description": "",
            "id": "arn:aws:iam::983670951732:policy/dev-todo-tf-sam-lambda-todo-persist-policy",
            "name": "dev-todo-tf-sam-lambda-todo-persist-policy",
            "name_prefix": null,
            "path": "/",
            "policy": "{\"Statement\":[{\"Action\":[\"sqs:ReceiveMessage\",\"sqs:DeleteMessage\",\"sqs:SendMessage\",\"sqs:GetQueueAttributes\"],\"Effect\":\"Allow\",\"Resource\":\"arn:aws:sqs:ap-southeast-1:983670951732:rf_sam_todo_queue\"},{\"Action\":[\"dynamodb:GetItem\",\"dynamodb:DeleteItem\",\"dynamodb:PutItem\",\"dynamodb:Scan\",\"dynamodb:Query\",\"dynamodb:UpdateItem\",\"dynamodb:BatchWriteItem\",\"dynamodb:BatchGetItem\",\"dynamodb:DescribeTable\",\"dynamodb:ConditionCheckItem\"],\"Effect\":\"Allow\",\"Resource\":[\"arn:aws:dynamodb:ap-southeast-1:983670951732:table/tf_sam_todo_table\"]}],\"Version\":\"2012-10-17\"}",
            "policy_id": "ANPA6KB23R42A63FWQYIX",
            "tags": {
              "Environment": "dev",
              "Name": "todo"
            },
            "tags_all": {
              "Environment": "dev",
              "Name": "todo"
            }
          },
          "sensitive_attributes": [],
          "private": "bnVsbA==",
          "dependencies": [
            "aws_dynamodb_table._",
            "aws_sqs_queue._",
            "module.lambda_persist_todo.module.aws_iam.data.template_file._"
          ]
        }
      ]
    },
    {
      "module": "module.lambda_persist_todo.module.aws_iam",
      "mode": "managed",
      "type": "aws_iam_policy_attachment",
      "name": "_",
      "provider": "provider[\"registry.terraform.io/hashicorp/aws\"]",
      "instances": [
        {
          "index_key": 0,
          "schema_version": 0,
          "attributes": {
            "groups": [],
            "id": "dev-todo-attachment",
            "name": "dev-todo-attachment",
            "policy_arn": "arn:aws:iam::983670951732:policy/dev-todo-tf-sam-lambda-todo-persist-policy",
            "roles": [
              "dev-todo-tf-sam-lambda-todo-persist-role"
            ],
            "users": []
          },
          "sensitive_attributes": [],
          "private": "bnVsbA==",
          "dependencies": [
            "aws_dynamodb_table._",
            "aws_sqs_queue._",
            "module.lambda_persist_todo.module.aws_iam.aws_iam_policy._",
            "module.lambda_persist_todo.module.aws_iam.aws_iam_role._",
            "module.lambda_persist_todo.module.aws_iam.data.template_file._",
            "module.lambda_persist_todo.module.aws_iam.data.template_file.assumerole"
          ]
        }
      ]
    },
    {
      "module": "module.lambda_persist_todo.module.aws_iam",
      "mode": "managed",
      "type": "aws_iam_role",
      "name": "_",
      "provider": "provider[\"registry.terraform.io/hashicorp/aws\"]",
      "instances": [
        {
          "index_key": 0,
          "schema_version": 0,
          "attributes": {
            "arn": "arn:aws:iam::983670951732:role/dev-todo-tf-sam-lambda-todo-persist-role",
            "assume_role_policy": "{\"Version\":\"2012-10-17\",\"Statement\":[{\"Sid\":\"\",\"Effect\":\"Allow\",\"Principal\":{\"Service\":\"lambda.amazonaws.com\"},\"Action\":\"sts:AssumeRole\"}]}",
            "create_date": "2022-03-25T11:29:13Z",
            "description": "",
            "force_detach_policies": false,
            "id": "dev-todo-tf-sam-lambda-todo-persist-role",
            "inline_policy": [
              {
                "name": "",
                "policy": ""
              }
            ],
            "managed_policy_arns": [
              "arn:aws:iam::983670951732:policy/dev-todo-tf-sam-lambda-todo-persist-policy"
            ],
            "max_session_duration": 3600,
            "name": "dev-todo-tf-sam-lambda-todo-persist-role",
            "name_prefix": "",
            "path": "/",
            "permissions_boundary": null,
            "tags": {
              "Environment": "dev",
              "Name": "todo"
            },
            "tags_all": {
              "Environment": "dev",
              "Name": "todo"
            },
            "unique_id": "AROA6KB23R42K25DXVPI6"
          },
          "sensitive_attributes": [],
          "private": "bnVsbA==",
          "dependencies": [
            "aws_dynamodb_table._",
            "aws_sqs_queue._",
            "module.lambda_persist_todo.module.aws_iam.data.template_file.assumerole"
          ]
        }
      ]
    },
    {
      "module": "module.lambda_persist_todo.module.aws_lambda",
      "mode": "managed",
      "type": "aws_lambda_event_source_mapping",
      "name": "_",
      "provider": "provider[\"registry.terraform.io/hashicorp/aws\"]",
      "instances": [
        {
          "index_key": 0,
          "schema_version": 0,
          "attributes": {
            "batch_size": 10,
            "bisect_batch_on_function_error": false,
            "destination_config": [],
            "enabled": true,
            "event_source_arn": "arn:aws:sqs:ap-southeast-1:983670951732:rf_sam_todo_queue",
            "filter_criteria": [],
            "function_arn": "arn:aws:lambda:ap-southeast-1:983670951732:function:dev-todo-tf-sam-lambda-todo-persist",
            "function_name": "arn:aws:lambda:ap-southeast-1:983670951732:function:dev-todo-tf-sam-lambda-todo-persist",
            "function_response_types": [],
            "id": "2aa22781-a006-4fb9-b315-4d5fddf1ef19",
            "last_modified": "2022-03-25T11:29:31Z",
            "last_processing_result": "",
            "maximum_batching_window_in_seconds": 0,
            "maximum_record_age_in_seconds": 0,
            "maximum_retry_attempts": 0,
            "parallelization_factor": 0,
            "queues": [],
            "self_managed_event_source": [],
            "source_access_configuration": [],
            "starting_position": "",
            "starting_position_timestamp": "",
            "state": "Enabled",
            "state_transition_reason": "USER_INITIATED",
            "topics": [],
            "tumbling_window_in_seconds": 0,
            "uuid": "2aa22781-a006-4fb9-b315-4d5fddf1ef19"
          },
          "sensitive_attributes": [],
          "private": "bnVsbA==",
          "dependencies": [
            "aws_dynamodb_table._",
            "aws_sqs_queue._",
            "module.lambda_persist_todo.data.archive_file._",
            "module.lambda_persist_todo.module.aws_iam.aws_iam_role._",
            "module.lambda_persist_todo.module.aws_iam.data.template_file.assumerole",
            "module.lambda_persist_todo.module.aws_lambda.aws_lambda_function._"
          ]
        }
      ]
    },
    {
      "module": "module.lambda_persist_todo.module.aws_lambda",
      "mode": "managed",
      "type": "aws_lambda_function",
      "name": "_",
      "provider": "provider[\"registry.terraform.io/hashicorp/aws\"]",
      "instances": [
        {
          "schema_version": 0,
          "attributes": {
            "architectures": [
              "x86_64"
            ],
            "arn": "arn:aws:lambda:ap-southeast-1:983670951732:function:dev-todo-tf-sam-lambda-todo-persist",
            "code_signing_config_arn": "",
            "dead_letter_config": [],
            "description": "",
            "environment": [
              {
                "variables": {
                  "DYNAMO_TABLE_NAME": "tf_sam_todo_table"
                }
              }
            ],
            "file_system_config": [],
            "filename": "./package/dev/todo_persist/tf-sam-lambda-todo-persist.zip",
            "function_name": "dev-todo-tf-sam-lambda-todo-persist",
            "handler": "main.lambda_handler",
            "id": "dev-todo-tf-sam-lambda-todo-persist",
            "image_config": [],
            "image_uri": "",
            "invoke_arn": "arn:aws:apigateway:ap-southeast-1:lambda:path/2015-03-31/functions/arn:aws:lambda:ap-southeast-1:983670951732:function:dev-todo-tf-sam-lambda-todo-persist/invocations",
            "kms_key_arn": "",
            "last_modified": "2022-03-25T11:29:24.994+0000",
            "layers": [],
            "memory_size": 128,
            "package_type": "Zip",
            "publish": false,
            "qualified_arn": "arn:aws:lambda:ap-southeast-1:983670951732:function:dev-todo-tf-sam-lambda-todo-persist:$LATEST",
            "reserved_concurrent_executions": -1,
            "role": "arn:aws:iam::983670951732:role/dev-todo-tf-sam-lambda-todo-persist-role",
            "runtime": "python3.8",
            "s3_bucket": null,
            "s3_key": null,
            "s3_object_version": null,
            "signing_job_arn": "",
            "signing_profile_version_arn": "",
            "source_code_hash": "rmOwAY02xFsHwYj8dmKdlNbdRpdOgWnbYEaWKtNk/QY=",
            "source_code_size": 882,
            "tags": {},
            "tags_all": {},
            "timeout": 3,
            "timeouts": null,
            "tracing_config": [
              {
                "mode": "PassThrough"
              }
            ],
            "version": "$LATEST",
            "vpc_config": []
          },
          "sensitive_attributes": [],
          "private": "eyJlMmJmYjczMC1lY2FhLTExZTYtOGY4OC0zNDM2M2JjN2M0YzAiOnsiY3JlYXRlIjo2MDAwMDAwMDAwMDB9fQ==",
          "dependencies": [
            "aws_dynamodb_table._",
            "aws_sqs_queue._",
            "module.lambda_persist_todo.data.archive_file._",
            "module.lambda_persist_todo.module.aws_iam.aws_iam_role._",
            "module.lambda_persist_todo.module.aws_iam.data.template_file.assumerole"
          ]
        }
      ]
    }
  ]
}
